
Microsoft Visual Studio Solution File, Format Version 12.00
# Visual Studio Version 16
VisualStudioVersion = 16.0.32602.291
MinimumVisualStudioVersion = 10.0.40219.1
Project("{FAE04EC0-301F-11D3-BF4B-00C04F79EFBC}") = "SAP_API", "SAP_API.csproj", "{18BE45DE-29C7-403E-86D1-C4CC0C2E6F2A}"
EndProject
Global
	GlobalSection(SolutionConfigurationPlatforms) = preSolution
		Debug|Any CPU = Debug|Any CPU
		Release|Any CPU = Release|Any CPU
	EndGlobalSection
	GlobalSection(ProjectConfigurationPlatforms) = postSolution
		{18BE45DE-29C7-403E-86D1-C4CC0C2E6F2A}.Debug|Any CPU.ActiveCfg = Debug|Any CPU
		{18BE45DE-29C7-403E-86D1-C4CC0C2E6F2A}.Debug|Any CPU.Build.0 = Debug|Any CPU
		{18BE45DE-29C7-403E-86D1-C4CC0C2E6F2A}.Release|Any CPU.ActiveCfg = Release|Any CPU
		{18BE45DE-29C7-403E-86D1-C4CC0C2E6F2A}.Release|Any CPU.Build.0 = Release|Any CPU
	EndGlobalSection
	GlobalSection(SolutionProperties) = preSolution
		HideSolutionNode = FALSE
	EndGlobalSection
	GlobalSection(ExtensibilityGlobals) = postSolution
		SolutionGuid = {BA920B71-E16F-4D46-BF1B-E73A88B35293}
	EndGlobalSection
EndGlobal
